// !$*UTF8*$!
{
	archiveVersion = 1;
	classes = {
	};
	objectVersion = 50;
	objects = {

/* Begin PBXFileReference section */
		21FDC977217431690071C0E6 /* JB4ASDK.framework */ = {isa = PBXFileReference; explicitFileType = wrapper.framework; includeInIndex = 0; path = JB4ASDK.framework; sourceTree = BUILT_PRODUCTS_DIR; };
		21FDC97B2174316A0071C0E6 /* Info.plist */ = {isa = PBXFileReference; lastKnownFileType = text.plist.xml; path = Info.plist; sourceTree = "<group>"; };
		21FDC982217431C40071C0E6 /* module.modulemap */ = {isa = PBXFileReference; fileEncoding = 4; lastKnownFileType = "sourcecode.module-map"; path = module.modulemap; sourceTree = "<group>"; };
/* End PBXFileReference section */

/* Begin PBXGroup section */
		21FDC96D217431690071C0E6 = {
			isa = PBXGroup;
			children = (
				21FDC979217431690071C0E6 /* JB4ASDK */,
				21FDC978217431690071C0E6 /* Products */,
			);
			sourceTree = "<group>";
		};
		21FDC978217431690071C0E6 /* Products */ = {
			isa = PBXGroup;
			children = (
				21FDC977217431690071C0E6 /* JB4ASDK.framework */,
			);
			name = Products;
			sourceTree = "<group>";
		};
		21FDC979217431690071C0E6 /* JB4ASDK */ = {
			isa = PBXGroup;
			children = (
				21FDC97B2174316A0071C0E6 /* Info.plist */,
				21FDC982217431C40071C0E6 /* module.modulemap */,
			);
			path = JB4ASDK;
			sourceTree = "<group>";
		};
/* End PBXGroup section */

/* Begin PBXNativeTarget section */
		21FDC976217431690071C0E6 /* JB4ASDK */ = {
			isa = PBXNativeTarget;
			buildConfigurationList = 21FDC97F2174316A0071C0E6 /* Build configuration list for PBXNativeTarget "JB4ASDK" */;
			buildPhases = (
				21FDC983217431D40071C0E6 /* ShellScript */,
			);
			buildRules = (
			);
			dependencies = (
			);
			name = JB4ASDK;
			productName = JB4ASDK;
			productReference = 21FDC977217431690071C0E6 /* JB4ASDK.framework */;
			productType = "com.apple.product-type.framework";
		};
/* End PBXNativeTarget section */

/* Begin PBXProject section */
		21FDC96E217431690071C0E6 /* Project object */ = {
			isa = PBXProject;
			attributes = {
				LastUpgradeCheck = 1000;
				ORGANIZATIONNAME = "Yappli, Inc.";
				TargetAttributes = {
					21FDC976217431690071C0E6 = {
						CreatedOnToolsVersion = 10.0;
					};
				};
			};
			buildConfigurationList = 21FDC971217431690071C0E6 /* Build configuration list for PBXProject "JB4ASDK" */;
			compatibilityVersion = "Xcode 9.3";
			developmentRegion = en;
			hasScannedForEncodings = 0;
			knownRegions = (
				en,
			);
			mainGroup = 21FDC96D217431690071C0E6;
			productRefGroup = 21FDC978217431690071C0E6 /* Products */;
			projectDirPath = "";
			projectRoot = "";
			targets = (
				21FDC976217431690071C0E6 /* JB4ASDK */,
			);
		};
/* End PBXProject section */

/* Begin PBXShellScriptBuildPhase section */
		21FDC983217431D40071C0E6 /* ShellScript */ = {
			isa = PBXShellScriptBuildPhase;
			buildActionMask = 2147483647;
			files = (
			);
			inputFileListPaths = (
			);
			inputPaths = (
			);
			outputFileListPaths = (
			);
			outputPaths = (
			);
			runOnlyForDeploymentPostprocessing = 0;
			shellPath = /bin/sh;
			shellScript = "BASE_NAME=JB4A-SDK-iOS-${CURRENT_PROJECT_VERSION}\nMODULES_FOLDER_PATH=${EXECUTABLE_FOLDER_PATH}/Modules\ncurl -fsL https://github.com/salesforce-marketingcloud/JB4A-SDK-iOS/archive/v${CURRENT_PROJECT_VERSION}.zip | tar -xf - -C ${PROJECT_TEMP_ROOT}\nmkdir -p ${TARGET_BUILD_DIR}/${PUBLIC_HEADERS_FOLDER_PATH} && cp ${PROJECT_TEMP_ROOT}/${BASE_NAME}/JB4A-SDK/*.h $_\nmkdir -p ${TARGET_BUILD_DIR}/${MODULES_FOLDER_PATH} && cp ${PROJECT_DIR}/${TARGET_NAME}/module.modulemap $_\nlipo -extract $( echo ${ARCHS} | sed -e 's/ / -extract /g' ) ${PROJECT_TEMP_ROOT}/${BASE_NAME}/JB4A-SDK/libJB4ASDK-4.9.7.21010001.a -o ${TARGET_BUILD_DIR}/${EXECUTABLE_FOLDER_PATH}/${TARGET_NAME}\nchmod 644 ${TARGET_BUILD_DIR}/${EXECUTABLE_FOLDER_PATH}/${TARGET_NAME}\nrm -rf ${PROJECT_TEMP_ROOT}/${BASE_NAME}\n";
		};
/* End PBXShellScriptBuildPhase section */

/* Begin XCBuildConfiguration section */
		21FDC97D2174316A0071C0E6 /* Debug */ = {
			isa = XCBuildConfiguration;
			buildSettings = {
				ALWAYS_SEARCH_USER_PATHS = NO;
				CURRENT_PROJECT_VERSION = 4.9.7;
				IPHONEOS_DEPLOYMENT_TARGET = 8.0;
				SDKROOT = iphoneos;
				TARGETED_DEVICE_FAMILY = "1,2";
			};
			name = Debug;
		};
		21FDC97E2174316A0071C0E6 /* Release */ = {
			isa = XCBuildConfiguration;
			buildSettings = {
				ALWAYS_SEARCH_USER_PATHS = NO;
				CURRENT_PROJECT_VERSION = 4.9.7;
				IPHONEOS_DEPLOYMENT_TARGET = 8.0;
				SDKROOT = iphoneos;
				TARGETED_DEVICE_FAMILY = "1,2";
			};
			name = Release;
		};
		21FDC9802174316A0071C0E6 /* Debug */ = {
			isa = XCBuildConfiguration;
			buildSettings = {
				INFOPLIST_FILE = JB4ASDK/Info.plist;
				PRODUCT_BUNDLE_IDENTIFIER = com.salesforce.JB4ASDK;
				PRODUCT_NAME = "$(TARGET_NAME:c99extidentifier)";
			};
			name = Debug;
		};
		21FDC9812174316A0071C0E6 /* Release */ = {
			isa = XCBuildConfiguration;
			buildSettings = {
				INFOPLIST_FILE = JB4ASDK/Info.plist;
				PRODUCT_BUNDLE_IDENTIFIER = com.salesforce.JB4ASDK;
				PRODUCT_NAME = "$(TARGET_NAME:c99extidentifier)";
			};
			name = Release;
		};
/* End XCBuildConfiguration section */

/* Begin XCConfigurationList section */
		21FDC971217431690071C0E6 /* Build configuration list for PBXProject "JB4ASDK" */ = {
			isa = XCConfigurationList;
			buildConfigurations = (
				21FDC97D2174316A0071C0E6 /* Debug */,
				21FDC97E2174316A0071C0E6 /* Release */,
			);
			defaultConfigurationIsVisible = 0;
			defaultConfigurationName = Release;
		};
		21FDC97F2174316A0071C0E6 /* Build configuration list for PBXNativeTarget "JB4ASDK" */ = {
			isa = XCConfigurationList;
			buildConfigurations = (
				21FDC9802174316A0071C0E6 /* Debug */,
				21FDC9812174316A0071C0E6 /* Release */,
			);
			defaultConfigurationIsVisible = 0;
			defaultConfigurationName = Release;
		};
/* End XCConfigurationList section */
	};
	rootObject = 21FDC96E217431690071C0E6 /* Project object */;
}
